[[package]]
name = "alabaster"
version = "0.7.12"
description = "A configurable sidebar-enabled Sphinx theme"
category = "dev"
optional = false
python-versions = "*"

[[package]]
name = "apscheduler"
version = "3.6.3"
description = "In-process task scheduler with Cron-like capabilities"
category = "main"
optional = false
python-versions = "*"

[package.dependencies]
pytz = "*"
six = ">=1.4.0"
tzlocal = ">=1.2"

[package.extras]
asyncio = ["trollius"]
doc = ["sphinx", "sphinx-rtd-theme"]
gevent = ["gevent"]
mongodb = ["pymongo (>=2.8)"]
redis = ["redis (>=3.0)"]
rethinkdb = ["rethinkdb (>=2.4.0)"]
sqlalchemy = ["sqlalchemy (>=0.8)"]
testing = ["pytest", "pytest-cov", "pytest-tornado5", "mock", "pytest-asyncio (<0.6)", "pytest-asyncio"]
tornado = ["tornado (>=4.3)"]
twisted = ["twisted"]
zookeeper = ["kazoo"]

[[package]]
name = "async-timeout"
version = "4.0.2"
description = "Timeout context manager for asyncio programs"
category = "main"
optional = false
python-versions = ">=3.6"

[[package]]
name = "atomicwrites"
version = "1.4.0"
description = "Atomic file writes."
category = "dev"
optional = false
python-versions = ">=2.7, !=3.0.*, !=3.1.*, !=3.2.*, !=3.3.*"

[[package]]
name = "attrs"
version = "21.2.0"
description = "Classes Without Boilerplate"
category = "dev"
optional = false
python-versions = ">=2.7, !=3.0.*, !=3.1.*, !=3.2.*, !=3.3.*, !=3.4.*"

[package.extras]
dev = ["coverage[toml] (>=5.0.2)", "hypothesis", "pympler", "pytest (>=4.3.0)", "six", "mypy", "pytest-mypy-plugins", "zope.interface", "furo", "sphinx", "sphinx-notfound-page", "pre-commit"]
docs = ["furo", "sphinx", "zope.interface", "sphinx-notfound-page"]
tests = ["coverage[toml] (>=5.0.2)", "hypothesis", "pympler", "pytest (>=4.3.0)", "six", "mypy", "pytest-mypy-plugins", "zope.interface"]
tests_no_zope = ["coverage[toml] (>=5.0.2)", "hypothesis", "pympler", "pytest (>=4.3.0)", "six", "mypy", "pytest-mypy-plugins"]

[[package]]
name = "autopep8"
version = "1.6.0"
description = "A tool that automatically formats Python code to conform to the PEP 8 style guide"
category = "dev"
optional = false
python-versions = "*"

[package.dependencies]
pycodestyle = ">=2.8.0"
toml = "*"

[[package]]
name = "babel"
version = "2.10.3"
description = "Internationalization utilities"
category = "main"
optional = false
python-versions = ">=3.6"

[package.dependencies]
pytz = ">=2015.7"

[[package]]
name = "beautifulsoup4"
version = "4.11.1"
description = "Screen-scraping library"
category = "main"
optional = false
python-versions = ">=3.6.0"

[package.dependencies]
soupsieve = ">1.2"

[package.extras]
html5lib = ["html5lib"]
lxml = ["lxml"]

[[package]]
name = "bleach"
version = "5.0.0"
description = "An easy safelist-based HTML-sanitizing tool."
category = "main"
optional = false
python-versions = ">=3.7"

[package.dependencies]
six = ">=1.9.0"
webencodings = "*"

[package.extras]
css = ["tinycss2 (>=1.1.0)"]
dev = ["pip-tools (==6.5.1)", "pytest (==7.1.1)", "flake8 (==4.0.1)", "tox (==3.24.5)", "sphinx (==4.3.2)", "twine (==4.0.0)", "wheel (==0.37.1)", "hashin (==0.17.0)", "black (==22.3.0)", "mypy (==0.942)"]

[[package]]
name = "cachetools"
version = "4.2.2"
description = "Extensible memoizing collections and decorators"
category = "main"
optional = false
python-versions = "~=3.5"

[[package]]
name = "certifi"
version = "2021.10.8"
description = "Python package for providing Mozilla's CA Bundle."
category = "main"
optional = false
python-versions = "*"

[[package]]
name = "chardet"
version = "3.0.4"
description = "Universal encoding detector for Python 2 and 3"
category = "main"
optional = false
python-versions = "*"

[[package]]
name = "charset-normalizer"
version = "2.0.7"
description = "The Real First Universal Charset Detector. Open, modern and actively maintained alternative to Chardet."
category = "main"
optional = false
python-versions = ">=3.5.0"

[package.extras]
unicode_backport = ["unicodedata2"]

[[package]]
name = "colorama"
version = "0.4.4"
description = "Cross-platform colored terminal text."
category = "dev"
optional = false
python-versions = ">=2.7, !=3.0.*, !=3.1.*, !=3.2.*, !=3.3.*, !=3.4.*"

[[package]]
name = "deprecated"
version = "1.2.13"
description = "Python @deprecated decorator to deprecate old python classes, functions or methods."
category = "main"
optional = false
python-versions = ">=2.7, !=3.0.*, !=3.1.*, !=3.2.*, !=3.3.*"

[package.dependencies]
wrapt = ">=1.10,<2"

[package.extras]
dev = ["tox", "bump2version (<1)", "sphinx (<2)", "importlib-metadata (<3)", "importlib-resources (<4)", "configparser (<5)", "sphinxcontrib-websupport (<2)", "zipp (<2)", "PyTest (<5)", "PyTest-Cov (<2.6)", "pytest", "pytest-cov"]

[[package]]
name = "docutils"
version = "0.16"
description = "Docutils -- Python Documentation Utilities"
category = "main"
optional = false
python-versions = ">=2.7, !=3.0.*, !=3.1.*, !=3.2.*, !=3.3.*, !=3.4.*"

[[package]]
name = "emoji-country-flag"
version = "1.3.0"
description = "En/Decode unicode country flags emoji"
category = "main"
optional = false
python-versions = "*"

[package.extras]
test = ["pytest", "emoji", "setuptools"]

[[package]]
name = "fakeredis"
version = "1.8.1"
description = "Fake implementation of redis API for testing purposes."
category = "main"
optional = false
python-versions = ">=3.7,<4.0"

[package.dependencies]
redis = "<4.4"
six = ">=1.16.0,<2.0.0"
sortedcontainers = ">=2.4.0,<3.0.0"

[package.extras]
aioredis = ["aioredis (>=2.0.1,<3.0.0)"]
lua = ["lupa (>=1.13,<2.0)"]

[[package]]
name = "googletrans"
version = "4.0.0rc1"
description = "Free Google Translate API for Python. Translates totally free of charge."
category = "main"
optional = false
python-versions = ">=3.6"

[package.dependencies]
httpx = "0.13.3"

[[package]]
name = "h11"
version = "0.9.0"
description = "A pure-Python, bring-your-own-I/O implementation of HTTP/1.1"
category = "main"
optional = false
python-versions = "*"

[[package]]
name = "h2"
version = "3.2.0"
description = "HTTP/2 State-Machine based protocol implementation"
category = "main"
optional = false
python-versions = "*"

[package.dependencies]
hpack = ">=3.0,<4"
hyperframe = ">=5.2.0,<6"

[[package]]
name = "hpack"
version = "3.0.0"
description = "Pure-Python HPACK header compression"
category = "main"
optional = false
python-versions = "*"

[[package]]
name = "hstspreload"
version = "2021.11.1"
description = "Chromium HSTS Preload list as a Python package"
category = "main"
optional = false
python-versions = ">=3.6"

[[package]]
name = "httpcore"
version = "0.9.1"
description = "A minimal low-level HTTP client."
category = "main"
optional = false
python-versions = ">=3.6"

[package.dependencies]
h11 = ">=0.8,<0.10"
h2 = ">=3.0.0,<4.0.0"
sniffio = ">=1.0.0,<2.0.0"

[[package]]
name = "httpx"
version = "0.13.3"
description = "The next generation HTTP client."
category = "main"
optional = false
python-versions = ">=3.6"

[package.dependencies]
certifi = "*"
chardet = ">=3.0.0,<4.0.0"
hstspreload = "*"
httpcore = ">=0.9.0,<0.10.0"
idna = ">=2.0.0,<3.0.0"
rfc3986 = ">=1.3,<2"
sniffio = "*"

[[package]]
name = "hyperframe"
version = "5.2.0"
description = "HTTP/2 framing layer for Python"
category = "main"
optional = false
python-versions = "*"

[[package]]
name = "idna"
version = "2.10"
description = "Internationalized Domain Names in Applications (IDNA)"
category = "main"
optional = false
python-versions = ">=2.7, !=3.0.*, !=3.1.*, !=3.2.*, !=3.3.*"

[[package]]
name = "imagesize"
version = "1.3.0"
description = "Getting image size from png/jpeg/jpeg2000/gif file"
category = "dev"
optional = false
python-versions = ">=2.7, !=3.0.*, !=3.1.*, !=3.2.*, !=3.3.*"

[[package]]
name = "iniconfig"
version = "1.1.1"
description = "iniconfig: brain-dead simple config-ini parsing"
category = "dev"
optional = false
python-versions = "*"

[[package]]
name = "jinja2"
version = "3.0.3"
description = "A very fast and expressive template engine."
category = "dev"
optional = false
python-versions = ">=3.6"

[package.dependencies]
MarkupSafe = ">=2.0"

[package.extras]
i18n = ["Babel (>=2.7)"]

[[package]]
name = "jstyleson"
version = "0.0.2"
description = "Library to parse JSON with js-style comments."
category = "main"
optional = false
python-versions = "*"

[[package]]
name = "markupsafe"
version = "2.0.1"
description = "Safely add untrusted strings to HTML/XML markup."
category = "dev"
optional = false
python-versions = ">=3.6"

[[package]]
name = "packaging"
version = "21.2"
description = "Core utilities for Python packages"
category = "main"
optional = false
python-versions = ">=3.6"

[package.dependencies]
pyparsing = ">=2.0.2,<3"

[[package]]
name = "pillow"
version = "9.1.1"
description = "Python Imaging Library (Fork)"
category = "main"
optional = false
python-versions = ">=3.7"

[package.extras]
docs = ["olefile", "sphinx (>=2.4)", "sphinx-copybutton", "sphinx-issues (>=3.0.1)", "sphinx-removed-in", "sphinx-rtd-theme (>=1.0)", "sphinxext-opengraph"]
tests = ["check-manifest", "coverage", "defusedxml", "markdown2", "olefile", "packaging", "pyroma", "pytest", "pytest-cov", "pytest-timeout"]

[[package]]
name = "pluggy"
version = "1.0.0"
description = "plugin and hook calling mechanisms for python"
category = "dev"
optional = false
python-versions = ">=3.6"

[package.extras]
dev = ["pre-commit", "tox"]
testing = ["pytest", "pytest-benchmark"]

[[package]]
name = "py"
version = "1.11.0"
description = "library with cross-python path, ini-parsing, io, code, log facilities"
category = "dev"
optional = false
python-versions = ">=2.7, !=3.0.*, !=3.1.*, !=3.2.*, !=3.3.*, !=3.4.*"

[[package]]
name = "pycodestyle"
version = "2.8.0"
description = "Python style guide checker"
category = "dev"
optional = false
python-versions = ">=2.7, !=3.0.*, !=3.1.*, !=3.2.*, !=3.3.*, !=3.4.*"

[[package]]
name = "pygelf"
version = "0.4.2"
description = "Logging handlers with GELF support"
category = "main"
optional = false
python-versions = "*"

[[package]]
name = "pygenstub"
version = "2.0.1"
description = "Python stub file generator."
category = "main"
optional = false
python-versions = ">=3.6,<4.0"

[package.dependencies]
docutils = ">=0.16,<0.17"

[[package]]
name = "pygments"
version = "2.10.0"
description = "Pygments is a syntax highlighting package written in Python."
category = "dev"
optional = false
python-versions = ">=3.5"

[[package]]
name = "pyparsing"
version = "2.4.7"
description = "Python parsing module"
category = "main"
optional = false
python-versions = ">=2.6, !=3.0.*, !=3.1.*, !=3.2.*"

[[package]]
name = "pytest"
version = "7.1.2"
description = "pytest: simple powerful testing with Python"
category = "dev"
optional = false
python-versions = ">=3.7"

[package.dependencies]
atomicwrites = {version = ">=1.0", markers = "sys_platform == \"win32\""}
attrs = ">=19.2.0"
colorama = {version = "*", markers = "sys_platform == \"win32\""}
iniconfig = "*"
packaging = "*"
pluggy = ">=0.12,<2.0"
py = ">=1.8.2"
tomli = ">=1.0.0"

[package.extras]
testing = ["argcomplete", "hypothesis (>=3.56)", "mock", "nose", "pygments (>=2.7.2)", "requests", "xmlschema"]

[[package]]
name = "python-telegram-bot"
version = "13.12"
description = "We have made you a wrapper you can't refuse"
category = "main"
optional = false
python-versions = ">=3.6"

[package.dependencies]
APScheduler = "3.6.3"
cachetools = "4.2.2"
certifi = "*"
pytz = ">=2018.6"
tornado = ">=6.1"

[package.extras]
json = ["ujson"]
passport = ["cryptography (!=3.4,!=3.4.1,!=3.4.2,!=3.4.3)"]
socks = ["pysocks"]

[[package]]
name = "pytz"
version = "2022.1"
description = "World timezone definitions, modern and historical"
category = "main"
optional = false
python-versions = "*"

[[package]]
name = "pytz-deprecation-shim"
version = "0.1.0.post0"
description = "Shims to make deprecation of pytz easier"
category = "main"
optional = false
python-versions = "!=3.0.*,!=3.1.*,!=3.2.*,!=3.3.*,!=3.4.*,!=3.5.*,>=2.7"

[package.dependencies]
tzdata = {version = "*", markers = "python_version >= \"3.6\""}

[[package]]
name = "redis"
version = "4.3.1"
description = "Python client for Redis database and key-value store"
category = "main"
optional = false
python-versions = ">=3.6"

[package.dependencies]
async-timeout = ">=4.0.2"
deprecated = ">=1.2.3"
packaging = ">=20.4"

[package.extras]
hiredis = ["hiredis (>=1.0.0)"]
ocsp = ["cryptography (>=36.0.1)", "pyopenssl (==20.0.1)", "requests (>=2.26.0)"]

[[package]]
name = "requests"
version = "2.28.0"
description = "Python HTTP for Humans."
category = "main"
optional = false
python-versions = ">=3.7, <4"

[package.dependencies]
certifi = ">=2017.4.17"
charset-normalizer = ">=2.0.0,<2.1.0"
idna = ">=2.5,<4"
urllib3 = ">=1.21.1,<1.27"

[package.extras]
socks = ["PySocks (>=1.5.6,!=1.5.7)"]
use_chardet_on_py3 = ["chardet (>=3.0.2,<5)"]

[[package]]
name = "rfc3986"
version = "1.5.0"
description = "Validating URI References per RFC 3986"
category = "main"
optional = false
python-versions = "*"

[package.extras]
idna2008 = ["idna"]

[[package]]
name = "sentry-sdk"
version = "1.7.0"
description = "Python client for Sentry (https://sentry.io)"
category = "main"
optional = false
python-versions = "*"

[package.dependencies]
certifi = "*"
urllib3 = ">=1.10.0"

[package.extras]
aiohttp = ["aiohttp (>=3.5)"]
beam = ["apache-beam (>=2.12)"]
bottle = ["bottle (>=0.12.13)"]
celery = ["celery (>=3)"]
chalice = ["chalice (>=1.16.0)"]
django = ["django (>=1.8)"]
falcon = ["falcon (>=1.4)"]
flask = ["flask (>=0.11)", "blinker (>=1.1)"]
httpx = ["httpx (>=0.16.0)"]
pure_eval = ["pure-eval", "executing", "asttokens"]
pyspark = ["pyspark (>=2.4.4)"]
quart = ["quart (>=0.16.1)", "blinker (>=1.1)"]
rq = ["rq (>=0.6)"]
sanic = ["sanic (>=0.8)"]
sqlalchemy = ["sqlalchemy (>=1.2)"]
tornado = ["tornado (>=5)"]

[[package]]
name = "six"
version = "1.16.0"
description = "Python 2 and 3 compatibility utilities"
category = "main"
optional = false
python-versions = ">=2.7, !=3.0.*, !=3.1.*, !=3.2.*"

[[package]]
name = "sniffio"
version = "1.2.0"
description = "Sniff out which async library your code is running under"
category = "main"
optional = false
python-versions = ">=3.5"

[[package]]
name = "snowballstemmer"
version = "2.1.0"
description = "This package provides 29 stemmers for 28 languages generated from Snowball algorithms."
category = "dev"
optional = false
python-versions = "*"

[[package]]
name = "sortedcontainers"
version = "2.4.0"
description = "Sorted Containers -- Sorted List, Sorted Dict, Sorted Set"
category = "main"
optional = false
python-versions = "*"

[[package]]
name = "soupsieve"
version = "2.3"
description = "A modern CSS selector implementation for Beautiful Soup."
category = "main"
optional = false
python-versions = ">=3.6"

[[package]]
name = "spamwatch"
version = "0.3.0"
description = "SpamWatch API Wrapper"
category = "main"
optional = false
python-versions = ">=3.6"

[package.dependencies]
requests = ">=2.20"

[[package]]
name = "sphinx"
version = "5.0.2"
description = "Python documentation generator"
category = "dev"
optional = false
python-versions = ">=3.6"

[package.dependencies]
alabaster = ">=0.7,<0.8"
babel = ">=1.3"
colorama = {version = ">=0.3.5", markers = "sys_platform == \"win32\""}
docutils = ">=0.14,<0.19"
imagesize = "*"
Jinja2 = ">=2.3"
packaging = "*"
Pygments = ">=2.0"
requests = ">=2.5.0"
snowballstemmer = ">=1.1"
sphinxcontrib-applehelp = "*"
sphinxcontrib-devhelp = "*"
sphinxcontrib-htmlhelp = ">=2.0.0"
sphinxcontrib-jsmath = "*"
sphinxcontrib-qthelp = "*"
sphinxcontrib-serializinghtml = ">=1.1.5"

[package.extras]
docs = ["sphinxcontrib-websupport"]
lint = ["flake8 (>=3.5.0)", "isort", "mypy (>=0.950)", "docutils-stubs", "types-typed-ast", "types-requests"]
test = ["pytest (>=4.6)", "html5lib", "cython", "typed-ast"]

[[package]]
name = "sphinxcontrib-applehelp"
version = "1.0.2"
description = "sphinxcontrib-applehelp is a sphinx extension which outputs Apple help books"
category = "dev"
optional = false
python-versions = ">=3.5"

[package.extras]
lint = ["flake8", "mypy", "docutils-stubs"]
test = ["pytest"]

[[package]]
name = "sphinxcontrib-devhelp"
version = "1.0.2"
description = "sphinxcontrib-devhelp is a sphinx extension which outputs Devhelp document."
category = "dev"
optional = false
python-versions = ">=3.5"

[package.extras]
lint = ["flake8", "mypy", "docutils-stubs"]
test = ["pytest"]

[[package]]
name = "sphinxcontrib-htmlhelp"
version = "2.0.0"
description = "sphinxcontrib-htmlhelp is a sphinx extension which renders HTML help files"
category = "dev"
optional = false
python-versions = ">=3.6"

[package.extras]
lint = ["flake8", "mypy", "docutils-stubs"]
test = ["pytest", "html5lib"]

[[package]]
name = "sphinxcontrib-jsmath"
version = "1.0.1"
description = "A sphinx extension which renders display math in HTML via JavaScript"
category = "dev"
optional = false
python-versions = ">=3.5"

[package.extras]
test = ["pytest", "flake8", "mypy"]

[[package]]
name = "sphinxcontrib-qthelp"
version = "1.0.3"
description = "sphinxcontrib-qthelp is a sphinx extension which outputs QtHelp document."
category = "dev"
optional = false
python-versions = ">=3.5"

[package.extras]
lint = ["flake8", "mypy", "docutils-stubs"]
test = ["pytest"]

[[package]]
name = "sphinxcontrib-serializinghtml"
version = "1.1.5"
description = "sphinxcontrib-serializinghtml is a sphinx extension which outputs \"serialized\" HTML files (json and pickle)."
category = "dev"
optional = false
python-versions = ">=3.5"

[package.extras]
lint = ["flake8", "mypy", "docutils-stubs"]
test = ["pytest"]

[[package]]
name = "toml"
version = "0.10.2"
description = "Python Library for Tom's Obvious, Minimal Language"
category = "main"
optional = false
python-versions = ">=2.6, !=3.0.*, !=3.1.*, !=3.2.*"

[[package]]
name = "tomli"
version = "2.0.0"
description = "A lil' TOML parser"
category = "dev"
optional = false
python-versions = ">=3.7"

[[package]]
name = "tornado"
version = "6.1"
description = "Tornado is a Python web framework and asynchronous networking library, originally developed at FriendFeed."
category = "main"
optional = false
python-versions = ">= 3.5"

[[package]]
name = "tzdata"
version = "2021.5"
description = "Provider of IANA time zone data"
category = "main"
optional = false
python-versions = ">=2"

[[package]]
name = "tzlocal"
version = "4.1"
description = "tzinfo object for the local timezone"
category = "main"
optional = false
python-versions = ">=3.6"

[package.dependencies]
pytz-deprecation-shim = "*"
tzdata = {version = "*", markers = "platform_system == \"Windows\""}

[package.extras]
devenv = ["black", "pyroma", "pytest-cov", "zest.releaser"]
test = ["pytest-mock (>=3.3)", "pytest (>=4.3)"]

[[package]]
name = "urllib3"
version = "1.26.7"
description = "HTTP library with thread-safe connection pooling, file post, and more."
category = "main"
optional = false
python-versions = ">=2.7, !=3.0.*, !=3.1.*, !=3.2.*, !=3.3.*, !=3.4.*, <4"

[package.extras]
brotli = ["brotlipy (>=0.6.0)"]
secure = ["pyOpenSSL (>=0.14)", "cryptography (>=1.3.4)", "idna (>=2.0.0)", "certifi", "ipaddress"]
socks = ["PySocks (>=1.5.6,!=1.5.7,<2.0)"]

[[package]]
name = "webencodings"
version = "0.5.1"
description = "Character encoding aliases for legacy web content"
category = "main"
optional = false
python-versions = "*"

[[package]]
name = "wrapt"
version = "1.13.3"
description = "Module for decorators, wrappers and monkey patching."
category = "main"
optional = false
python-versions = "!=3.0.*,!=3.1.*,!=3.2.*,!=3.3.*,!=3.4.*,>=2.7"

[metadata]
lock-version = "1.1"
python-versions = "^3.10"
content-hash = "e75fbc1af168e79baff0241438720196ec77edfad335001d7fb116583211ee8c"

[metadata.files]
alabaster = []
apscheduler = []
async-timeout = []
atomicwrites = []
attrs = []
autopep8 = []
babel = []
beautifulsoup4 = []
bleach = []
cachetools = []
certifi = []
chardet = []
charset-normalizer = []
colorama = []
deprecated = []
docutils = []
emoji-country-flag = []
fakeredis = []
googletrans = []
h11 = []
h2 = []
hpack = []
hstspreload = []
httpcore = []
httpx = []
hyperframe = []
idna = []
imagesize = []
iniconfig = []
jinja2 = []
jstyleson = []
markupsafe = []
packaging = []
pillow = []
pluggy = []
py = []
pycodestyle = []
pygelf = []
pygenstub = []
pygments = []
pyparsing = []
pytest = []
python-telegram-bot = []
pytz = []
pytz-deprecation-shim = []
redis = []
requests = []
rfc3986 = []
sentry-sdk = []
six = []
sniffio = []
snowballstemmer = []
sortedcontainers = []
soupsieve = []
spamwatch = []
sphinx = []
sphinxcontrib-applehelp = []
sphinxcontrib-devhelp = []
sphinxcontrib-htmlhelp = []
sphinxcontrib-jsmath = []
sphinxcontrib-qthelp = []
sphinxcontrib-serializinghtml = []
toml = []
tomli = []
tornado = []
tzdata = []
tzlocal = []
urllib3 = []
webencodings = []
wrapt = []
